<?xml version="1.0" encoding="utf-8"?>
<Project ToolsVersion="4.0" xmlns="http://schemas.microsoft.com/developer/msbuild/2003">
  <ItemGroup>
    <Filter Include="Classes">
      <UniqueIdentifier>{9e2c9aab-0fb1-4d43-b4ff-d2547e4c975c}</UniqueIdentifier>
    </Filter>
    <Filter Include="Classes\LineInfo">
      <UniqueIdentifier>{8d8cf50f-0d5a-48a3-8e5c-5d531f2d6259}</UniqueIdentifier>
    </Filter>
    <Filter Include="Types">
      <UniqueIdentifier>{cfa899e9-1ce2-460a-89fd-bc34b22f6f0d}</UniqueIdentifier>
    </Filter>
  </ItemGroup>
  <ItemGroup>
    <ClCompile Include="FileManager.cpp">
      <Filter>Classes</Filter>
    </ClCompile>
    <ClCompile Include="Line.cpp">
      <Filter>Classes</Filter>
    </ClCompile>
    <ClCompile Include="LineInfo.cpp">
      <Filter>Classes</Filter>
    </ClCompile>
    <ClCompile Include="LineInterpreter.cpp">
      <Filter>Classes</Filter>
    </ClCompile>
    <ClCompile Include="Log.cpp">
      <Filter>Classes</Filter>
    </ClCompile>
    <ClCompile Include="ServerDataUpdater.cpp">
      <Filter>Classes</Filter>
    </ClCompile>
    <ClCompile Include="UserDataUpdater.cpp">
      <Filter>Classes</Filter>
    </ClCompile>
    <ClCompile Include="main.cpp" />
    <ClCompile Include="LineInfo1id1name.cpp">
      <Filter>Classes\LineInfo</Filter>
    </ClCompile>
    <ClCompile Include="LineInfo1id1name1ip.cpp">
      <Filter>Classes\LineInfo</Filter>
    </ClCompile>
  </ItemGroup>
  <ItemGroup>
    <ClInclude Include="FileManager.h">
      <Filter>Classes</Filter>
    </ClInclude>
    <ClInclude Include="Line.h">
      <Filter>Classes</Filter>
    </ClInclude>
    <ClInclude Include="LineInfo.h">
      <Filter>Classes</Filter>
    </ClInclude>
    <ClInclude Include="LineInterpreter.h">
      <Filter>Classes</Filter>
    </ClInclude>
    <ClInclude Include="Log.h">
      <Filter>Classes</Filter>
    </ClInclude>
    <ClInclude Include="ServerDataUpdater.h">
      <Filter>Classes</Filter>
    </ClInclude>
    <ClInclude Include="UserDataUpdater.h">
      <Filter>Classes</Filter>
    </ClInclude>
    <ClInclude Include="RecordType.hpp">
      <Filter>Types</Filter>
    </ClInclude>
    <ClInclude Include="ServerData.hpp">
      <Filter>Types</Filter>
    </ClInclude>
    <ClInclude Include="UserData.hpp">
      <Filter>Types</Filter>
    </ClInclude>
    <ClInclude Include="LineInfo1id1name.h">
      <Filter>Classes\LineInfo</Filter>
    </ClInclude>
    <ClInclude Include="LineInfo1id1name1ip.h">
      <Filter>Classes\LineInfo</Filter>
    </ClInclude>
  </ItemGroup>
</Project>